// !$*UTF8*$!
{
	archiveVersion = 1;
	classes = {
	};
	objectVersion = 46;
	objects = {

/* Begin PBXBuildFile section */
		7F2E1AA07D3AB5C49687B425 /* Pods_TwitterClone.framework in Frameworks */ = {isa = PBXBuildFile; fileRef = E6870A468AAF8EFAB7174E16 /* Pods_TwitterClone.framework */; };
		D2295D5B1E60814500DB7707 /* User.swift in Sources */ = {isa = PBXBuildFile; fileRef = D2295D5A1E60814500DB7707 /* User.swift */; };
		D2295D5D1E60815200DB7707 /* Tweet.swift in Sources */ = {isa = PBXBuildFile; fileRef = D2295D5C1E60815200DB7707 /* Tweet.swift */; };
		D2295D601E60865500DB7707 /* TwitterClient.swift in Sources */ = {isa = PBXBuildFile; fileRef = D2295D5F1E60865500DB7707 /* TwitterClient.swift */; };
		D2295D621E608E0E00DB7707 /* HomeViewController.swift in Sources */ = {isa = PBXBuildFile; fileRef = D2295D611E608E0E00DB7707 /* HomeViewController.swift */; };
		D2295D651E608ECA00DB7707 /* HomeTableViewCell.swift in Sources */ = {isa = PBXBuildFile; fileRef = D2295D641E608ECA00DB7707 /* HomeTableViewCell.swift */; };
		D2B35FCD1E5D0CA40050BDE8 /* AppDelegate.swift in Sources */ = {isa = PBXBuildFile; fileRef = D2B35FCC1E5D0CA40050BDE8 /* AppDelegate.swift */; };
		D2B35FCF1E5D0CA40050BDE8 /* ViewController.swift in Sources */ = {isa = PBXBuildFile; fileRef = D2B35FCE1E5D0CA40050BDE8 /* ViewController.swift */; };
		D2B35FD21E5D0CA40050BDE8 /* Main.storyboard in Resources */ = {isa = PBXBuildFile; fileRef = D2B35FD01E5D0CA40050BDE8 /* Main.storyboard */; };
		D2B35FD41E5D0CA40050BDE8 /* Assets.xcassets in Resources */ = {isa = PBXBuildFile; fileRef = D2B35FD31E5D0CA40050BDE8 /* Assets.xcassets */; };
		D2B35FD71E5D0CA40050BDE8 /* LaunchScreen.storyboard in Resources */ = {isa = PBXBuildFile; fileRef = D2B35FD51E5D0CA40050BDE8 /* LaunchScreen.storyboard */; };
		D2B35FE01E5D10AB0050BDE8 /* LoginScreenVC.swift in Sources */ = {isa = PBXBuildFile; fileRef = D2B35FDF1E5D10AB0050BDE8 /* LoginScreenVC.swift */; };
/* End PBXBuildFile section */

/* Begin PBXFileReference section */
		706EC8039612E4B6DB49F79E /* Pods-TwitterClone.release.xcconfig */ = {isa = PBXFileReference; includeInIndex = 1; lastKnownFileType = text.xcconfig; name = "Pods-TwitterClone.release.xcconfig"; path = "Pods/Target Support Files/Pods-TwitterClone/Pods-TwitterClone.release.xcconfig"; sourceTree = "<group>"; };
		AF03A974B70E55C159A737BA /* Pods-TwitterClone.debug.xcconfig */ = {isa = PBXFileReference; includeInIndex = 1; lastKnownFileType = text.xcconfig; name = "Pods-TwitterClone.debug.xcconfig"; path = "Pods/Target Support Files/Pods-TwitterClone/Pods-TwitterClone.debug.xcconfig"; sourceTree = "<group>"; };
		D2295D5A1E60814500DB7707 /* User.swift */ = {isa = PBXFileReference; fileEncoding = 4; lastKnownFileType = sourcecode.swift; path = User.swift; sourceTree = "<group>"; };
		D2295D5C1E60815200DB7707 /* Tweet.swift */ = {isa = PBXFileReference; fileEncoding = 4; lastKnownFileType = sourcecode.swift; path = Tweet.swift; sourceTree = "<group>"; };
		D2295D5F1E60865500DB7707 /* TwitterClient.swift */ = {isa = PBXFileReference; fileEncoding = 4; lastKnownFileType = sourcecode.swift; path = TwitterClient.swift; sourceTree = "<group>"; };
		D2295D611E608E0E00DB7707 /* HomeViewController.swift */ = {isa = PBXFileReference; fileEncoding = 4; lastKnownFileType = sourcecode.swift; path = HomeViewController.swift; sourceTree = "<group>"; };
		D2295D641E608ECA00DB7707 /* HomeTableViewCell.swift */ = {isa = PBXFileReference; fileEncoding = 4; lastKnownFileType = sourcecode.swift; path = HomeTableViewCell.swift; sourceTree = "<group>"; };
		D2B35FC91E5D0CA40050BDE8 /* TwitterClone.app */ = {isa = PBXFileReference; explicitFileType = wrapper.application; includeInIndex = 0; path = TwitterClone.app; sourceTree = BUILT_PRODUCTS_DIR; };
		D2B35FCC1E5D0CA40050BDE8 /* AppDelegate.swift */ = {isa = PBXFileReference; lastKnownFileType = sourcecode.swift; path = AppDelegate.swift; sourceTree = "<group>"; };
		D2B35FCE1E5D0CA40050BDE8 /* ViewController.swift */ = {isa = PBXFileReference; lastKnownFileType = sourcecode.swift; path = ViewController.swift; sourceTree = "<group>"; };
		D2B35FD11E5D0CA40050BDE8 /* Base */ = {isa = PBXFileReference; lastKnownFileType = file.storyboard; name = Base; path = Base.lproj/Main.storyboard; sourceTree = "<group>"; };
		D2B35FD31E5D0CA40050BDE8 /* Assets.xcassets */ = {isa = PBXFileReference; lastKnownFileType = folder.assetcatalog; path = Assets.xcassets; sourceTree = "<group>"; };
		D2B35FD61E5D0CA40050BDE8 /* Base */ = {isa = PBXFileReference; lastKnownFileType = file.storyboard; name = Base; path = Base.lproj/LaunchScreen.storyboard; sourceTree = "<group>"; };
		D2B35FD81E5D0CA40050BDE8 /* Info.plist */ = {isa = PBXFileReference; lastKnownFileType = text.plist.xml; path = Info.plist; sourceTree = "<group>"; };
		D2B35FDF1E5D10AB0050BDE8 /* LoginScreenVC.swift */ = {isa = PBXFileReference; fileEncoding = 4; lastKnownFileType = sourcecode.swift; path = LoginScreenVC.swift; sourceTree = "<group>"; };
		E6870A468AAF8EFAB7174E16 /* Pods_TwitterClone.framework */ = {isa = PBXFileReference; explicitFileType = wrapper.framework; includeInIndex = 0; path = Pods_TwitterClone.framework; sourceTree = BUILT_PRODUCTS_DIR; };
/* End PBXFileReference section */

/* Begin PBXFrameworksBuildPhase section */
		D2B35FC61E5D0CA40050BDE8 /* Frameworks */ = {
			isa = PBXFrameworksBuildPhase;
			buildActionMask = 2147483647;
			files = (
				7F2E1AA07D3AB5C49687B425 /* Pods_TwitterClone.framework in Frameworks */,
			);
			runOnlyForDeploymentPostprocessing = 0;
		};
/* End PBXFrameworksBuildPhase section */

/* Begin PBXGroup section */
		3F92CFC4F1A65685D7679BF1 /* Pods */ = {
			isa = PBXGroup;
			children = (
				AF03A974B70E55C159A737BA /* Pods-TwitterClone.debug.xcconfig */,
				706EC8039612E4B6DB49F79E /* Pods-TwitterClone.release.xcconfig */,
			);
			name = Pods;
			sourceTree = "<group>";
		};
		4ABE957E3BE6F994B0F658E4 /* Frameworks */ = {
			isa = PBXGroup;
			children = (
				E6870A468AAF8EFAB7174E16 /* Pods_TwitterClone.framework */,
			);
			name = Frameworks;
			sourceTree = "<group>";
		};
		D2295D591E60813300DB7707 /* Models */ = {
			isa = PBXGroup;
			children = (
				D2295D5A1E60814500DB7707 /* User.swift */,
				D2295D5C1E60815200DB7707 /* Tweet.swift */,
			);
			name = Models;
			sourceTree = "<group>";
		};
		D2295D5E1E60863100DB7707 /* NetworkControllers */ = {
			isa = PBXGroup;
			children = (
				D2295D5F1E60865500DB7707 /* TwitterClient.swift */,
			);
			name = NetworkControllers;
			sourceTree = "<group>";
		};
		D2295D631E608EB400DB7707 /* Views */ = {
			isa = PBXGroup;
			children = (
				D2295D641E608ECA00DB7707 /* HomeTableViewCell.swift */,
			);
			name = Views;
			sourceTree = "<group>";
		};
		D2B35FC01E5D0CA40050BDE8 = {
			isa = PBXGroup;
			children = (
				D2B35FCB1E5D0CA40050BDE8 /* TwitterClone */,
				D2B35FCA1E5D0CA40050BDE8 /* Products */,
				3F92CFC4F1A65685D7679BF1 /* Pods */,
				4ABE957E3BE6F994B0F658E4 /* Frameworks */,
			);
			sourceTree = "<group>";
		};
		D2B35FCA1E5D0CA40050BDE8 /* Products */ = {
			isa = PBXGroup;
			children = (
				D2B35FC91E5D0CA40050BDE8 /* TwitterClone.app */,
			);
			name = Products;
			sourceTree = "<group>";
		};
		D2B35FCB1E5D0CA40050BDE8 /* TwitterClone */ = {
			isa = PBXGroup;
			children = (
				D2295D631E608EB400DB7707 /* Views */,
				D2295D5E1E60863100DB7707 /* NetworkControllers */,
				D2295D591E60813300DB7707 /* Models */,
				D2B35FDE1E5D10930050BDE8 /* ViewControllers */,
				D2B35FCC1E5D0CA40050BDE8 /* AppDelegate.swift */,
				D2B35FCE1E5D0CA40050BDE8 /* ViewController.swift */,
				D2B35FD01E5D0CA40050BDE8 /* Main.storyboard */,
				D2B35FD31E5D0CA40050BDE8 /* Assets.xcassets */,
				D2B35FD51E5D0CA40050BDE8 /* LaunchScreen.storyboard */,
				D2B35FD81E5D0CA40050BDE8 /* Info.plist */,
			);
			path = TwitterClone;
			sourceTree = "<group>";
		};
		D2B35FDE1E5D10930050BDE8 /* ViewControllers */ = {
			isa = PBXGroup;
			children = (
				D2B35FDF1E5D10AB0050BDE8 /* LoginScreenVC.swift */,
				D2295D611E608E0E00DB7707 /* HomeViewController.swift */,
			);
			name = ViewControllers;
			sourceTree = "<group>";
		};
/* End PBXGroup section */

/* Begin PBXNativeTarget section */
		D2B35FC81E5D0CA40050BDE8 /* TwitterClone */ = {
			isa = PBXNativeTarget;
			buildConfigurationList = D2B35FDB1E5D0CA40050BDE8 /* Build configuration list for PBXNativeTarget "TwitterClone" */;
			buildPhases = (
				B591B0D8F8718F58BEA5901F /* [CP] Check Pods Manifest.lock */,
				D2B35FC51E5D0CA40050BDE8 /* Sources */,
				D2B35FC61E5D0CA40050BDE8 /* Frameworks */,
				D2B35FC71E5D0CA40050BDE8 /* Resources */,
				00926D84AEF4FF86C2B444D4 /* [CP] Embed Pods Frameworks */,
				FF22256EBDEB5D54DBCFD81C /* [CP] Copy Pods Resources */,
			);
			buildRules = (
			);
			dependencies = (
			);
			name = TwitterClone;
			productName = TwitterClone;
			productReference = D2B35FC91E5D0CA40050BDE8 /* TwitterClone.app */;
			productType = "com.apple.product-type.application";
		};
/* End PBXNativeTarget section */

/* Begin PBXProject section */
		D2B35FC11E5D0CA40050BDE8 /* Project object */ = {
			isa = PBXProject;
			attributes = {
				LastSwiftUpdateCheck = 0810;
				LastUpgradeCheck = 0810;
				ORGANIZATIONNAME = Mufi;
				TargetAttributes = {
					D2B35FC81E5D0CA40050BDE8 = {
						CreatedOnToolsVersion = 8.1;
						ProvisioningStyle = Automatic;
					};
				};
			};
			buildConfigurationList = D2B35FC41E5D0CA40050BDE8 /* Build configuration list for PBXProject "TwitterClone" */;
			compatibilityVersion = "Xcode 3.2";
			developmentRegion = English;
			hasScannedForEncodings = 0;
			knownRegions = (
				en,
				Base,
			);
			mainGroup = D2B35FC01E5D0CA40050BDE8;
			productRefGroup = D2B35FCA1E5D0CA40050BDE8 /* Products */;
			projectDirPath = "";
			projectRoot = "";
			targets = (
				D2B35FC81E5D0CA40050BDE8 /* TwitterClone */,
			);
		};
/* End PBXProject section */

/* Begin PBXResourcesBuildPhase section */
		D2B35FC71E5D0CA40050BDE8 /* Resources */ = {
			isa = PBXResourcesBuildPhase;
			buildActionMask = 2147483647;
			files = (
				D2B35FD71E5D0CA40050BDE8 /* LaunchScreen.storyboard in Resources */,
				D2B35FD41E5D0CA40050BDE8 /* Assets.xcassets in Resources */,
				D2B35FD21E5D0CA40050BDE8 /* Main.storyboard in Resources */,
			);
			runOnlyForDeploymentPostprocessing = 0;
		};
/* End PBXResourcesBuildPhase section */

/* Begin PBXShellScriptBuildPhase section */
		00926D84AEF4FF86C2B444D4 /* [CP] Embed Pods Frameworks */ = {
			isa = PBXShellScriptBuildPhase;
			buildActionMask = 2147483647;
			files = (
			);
			inputPaths = (
			);
			name = "[CP] Embed Pods Frameworks";
			outputPaths = (
			);
			runOnlyForDeploymentPostprocessing = 0;
			shellPath = /bin/sh;
			shellScript = "\"${SRCROOT}/Pods/Target Support Files/Pods-TwitterClone/Pods-TwitterClone-frameworks.sh\"\n";
			showEnvVarsInLog = 0;
		};
		B591B0D8F8718F58BEA5901F /* [CP] Check Pods Manifest.lock */ = {
			isa = PBXShellScriptBuildPhase;
			buildActionMask = 2147483647;
			files = (
			);
			inputPaths = (
			);
			name = "[CP] Check Pods Manifest.lock";
			outputPaths = (
			);
			runOnlyForDeploymentPostprocessing = 0;
			shellPath = /bin/sh;
			shellScript = "diff \"${PODS_ROOT}/../Podfile.lock\" \"${PODS_ROOT}/Manifest.lock\" > /dev/null\nif [ $? != 0 ] ; then\n    # print error to STDERR\n    echo \"error: The sandbox is not in sync with the Podfile.lock. Run 'pod install' or update your CocoaPods installation.\" >&2\n    exit 1\nfi\n";
			showEnvVarsInLog = 0;
		};
		FF22256EBDEB5D54DBCFD81C /* [CP] Copy Pods Resources */ = {
			isa = PBXShellScriptBuildPhase;
			buildActionMask = 2147483647;
			files = (
			);
			inputPaths = (
			);
			name = "[CP] Copy Pods Resources";
			outputPaths = (
			);
			runOnlyForDeploymentPostprocessing = 0;
			shellPath = /bin/sh;
			shellScript = "\"${SRCROOT}/Pods/Target Support Files/Pods-TwitterClone/Pods-TwitterClone-resources.sh\"\n";
			showEnvVarsInLog = 0;
		};
/* End PBXShellScriptBuildPhase section */

/* Begin PBXSourcesBuildPhase section */
		D2B35FC51E5D0CA40050BDE8 /* Sources */ = {
			isa = PBXSourcesBuildPhase;
			buildActionMask = 2147483647;
			files = (
				D2295D5B1E60814500DB7707 /* User.swift in Sources */,
				D2295D5D1E60815200DB7707 /* Tweet.swift in Sources */,
				D2B35FE01E5D10AB0050BDE8 /* LoginScreenVC.swift in Sources */,
				D2B35FCF1E5D0CA40050BDE8 /* ViewController.swift in Sources */,
				D2295D601E60865500DB7707 /* TwitterClient.swift in Sources */,
				D2295D621E608E0E00DB7707 /* HomeViewController.swift in Sources */,
				D2295D651E608ECA00DB7707 /* HomeTableViewCell.swift in Sources */,
				D2B35FCD1E5D0CA40050BDE8 /* AppDelegate.swift in Sources */,
			);
			runOnlyForDeploymentPostprocessing = 0;
		};
/* End PBXSourcesBuildPhase section */

/* Begin PBXVariantGroup section */
		D2B35FD01E5D0CA40050BDE8 /* Main.storyboard */ = {
			isa = PBXVariantGroup;
			children = (
				D2B35FD11E5D0CA40050BDE8 /* Base */,
			);
			name = Main.storyboard;
			sourceTree = "<group>";
		};
		D2B35FD51E5D0CA40050BDE8 /* LaunchScreen.storyboard */ = {
			isa = PBXVariantGroup;
			children = (
				D2B35FD61E5D0CA40050BDE8 /* Base */,
			);
			name = LaunchScreen.storyboard;
			sourceTree = "<group>";
		};
/* End PBXVariantGroup section */

/* Begin XCBuildConfiguration section */
		D2B35FD91E5D0CA40050BDE8 /* Debug */ = {
			isa = XCBuildConfiguration;
			buildSettings = {
				ALWAYS_SEARCH_USER_PATHS = NO;
				CLANG_ANALYZER_NONNULL = YES;
				CLANG_CXX_LANGUAGE_STANDARD = "gnu++0x";
				CLANG_CXX_LIBRARY = "libc++";
				CLANG_ENABLE_MODULES = YES;
				CLANG_ENABLE_OBJC_ARC = YES;
				CLANG_WARN_BOOL_CONVERSION = YES;
				CLANG_WARN_CONSTANT_CONVERSION = YES;
				CLANG_WARN_DIRECT_OBJC_ISA_USAGE = YES_ERROR;
				CLANG_WARN_DOCUMENTATION_COMMENTS = YES;
				CLANG_WARN_EMPTY_BODY = YES;
				CLANG_WARN_ENUM_CONVERSION = YES;
				CLANG_WARN_INFINITE_RECURSION = YES;
				CLANG_WARN_INT_CONVERSION = YES;
				CLANG_WARN_OBJC_ROOT_CLASS = YES_ERROR;
				CLANG_WARN_SUSPICIOUS_MOVES = YES;
				CLANG_WARN_UNREACHABLE_CODE = YES;
				CLANG_WARN__DUPLICATE_METHOD_MATCH = YES;
				"CODE_SIGN_IDENTITY[sdk=iphoneos*]" = "iPhone Developer";
				COPY_PHASE_STRIP = NO;
				DEBUG_INFORMATION_FORMAT = dwarf;
				ENABLE_STRICT_OBJC_MSGSEND = YES;
				ENABLE_TESTABILITY = YES;
				GCC_C_LANGUAGE_STANDARD = gnu99;
				GCC_DYNAMIC_NO_PIC = NO;
				GCC_NO_COMMON_BLOCKS = YES;
				GCC_OPTIMIZATION_LEVEL = 0;
				GCC_PREPROCESSOR_DEFINITIONS = (
					"DEBUG=1",
					"$(inherited)",
				);
				GCC_WARN_64_TO_32_BIT_CONVERSION = YES;
				GCC_WARN_ABOUT_RETURN_TYPE = YES_ERROR;
				GCC_WARN_UNDECLARED_SELECTOR = YES;
				GCC_WARN_UNINITIALIZED_AUTOS = YES_AGGRESSIVE;
				GCC_WARN_UNUSED_FUNCTION = YES;
				GCC_WARN_UNUSED_VARIABLE = YES;
				IPHONEOS_DEPLOYMENT_TARGET = 10.1;
				MTL_ENABLE_DEBUG_INFO = YES;
				ONLY_ACTIVE_ARCH = YES;
				SDKROOT = iphoneos;
				SWIFT_ACTIVE_COMPILATION_CONDITIONS = DEBUG;
				SWIFT_OPTIMIZATION_LEVEL = "-Onone";
				TARGETED_DEVICE_FAMILY = "1,2";
			};
			name = Debug;
		};
		D2B35FDA1E5D0CA40050BDE8 /* Release */ = {
			isa = XCBuildConfiguration;
			buildSettings = {
				ALWAYS_SEARCH_USER_PATHS = NO;
				CLANG_ANALYZER_NONNULL = YES;
				CLANG_CXX_LANGUAGE_STANDARD = "gnu++0x";
				CLANG_CXX_LIBRARY = "libc++";
				CLANG_ENABLE_MODULES = YES;
				CLANG_ENABLE_OBJC_ARC = YES;
				CLANG_WARN_BOOL_CONVERSION = YES;
				CLANG_WARN_CONSTANT_CONVERSION = YES;
				CLANG_WARN_DIRECT_OBJC_ISA_USAGE = YES_ERROR;
				CLANG_WARN_DOCUMENTATION_COMMENTS = YES;
				CLANG_WARN_EMPTY_BODY = YES;
				CLANG_WARN_ENUM_CONVERSION = YES;
				CLANG_WARN_INFINITE_RECURSION = YES;
				CLANG_WARN_INT_CONVERSION = YES;
				CLANG_WARN_OBJC_ROOT_CLASS = YES_ERROR;
				CLANG_WARN_SUSPICIOUS_MOVES = YES;
				CLANG_WARN_UNREACHABLE_CODE = YES;
				CLANG_WARN__DUPLICATE_METHOD_MATCH = YES;
				"CODE_SIGN_IDENTITY[sdk=iphoneos*]" = "iPhone Developer";
				COPY_PHASE_STRIP = NO;
				DEBUG_INFORMATION_FORMAT = "dwarf-with-dsym";
				ENABLE_NS_ASSERTIONS = NO;
				ENABLE_STRICT_OBJC_MSGSEND = YES;
				GCC_C_LANGUAGE_STANDARD = gnu99;
				GCC_NO_COMMON_BLOCKS = YES;
				GCC_WARN_64_TO_32_BIT_CONVERSION = YES;
				GCC_WARN_ABOUT_RETURN_TYPE = YES_ERROR;
				GCC_WARN_UNDECLARED_SELECTOR = YES;
				GCC_WARN_UNINITIALIZED_AUTOS = YES_AGGRESSIVE;
				GCC_WARN_UNUSED_FUNCTION = YES;
				GCC_WARN_UNUSED_VARIABLE = YES;
				IPHONEOS_DEPLOYMENT_TARGET = 10.1;
				MTL_ENABLE_DEBUG_INFO = NO;
				SDKROOT = iphoneos;
				SWIFT_OPTIMIZATION_LEVEL = "-Owholemodule";
				TARGETED_DEVICE_FAMILY = "1,2";
				VALIDATE_PRODUCT = YES;
			};
			name = Release;
		};
		D2B35FDC1E5D0CA40050BDE8 /* Debug */ = {
			isa = XCBuildConfiguration;
			baseConfigurationReference = AF03A974B70E55C159A737BA /* Pods-TwitterClone.debug.xcconfig */;
			buildSettings = {
				ASSETCATALOG_COMPILER_APPICON_NAME = AppIcon;
				INFOPLIST_FILE = TwitterClone/Info.plist;
				LD_RUNPATH_SEARCH_PATHS = "$(inherited) @executable_path/Frameworks";
				PRODUCT_BUNDLE_IDENTIFIER = me.monus.TwitterClone;
				PRODUCT_NAME = "$(TARGET_NAME)";
				SWIFT_VERSION = 3.0;
			};
			name = Debug;
		};
		D2B35FDD1E5D0CA40050BDE8 /* Release */ = {
			isa = XCBuildConfiguration;
			baseConfigurationReference = 706EC8039612E4B6DB49F79E /* Pods-TwitterClone.release.xcconfig */;
			buildSettings = {
				ASSETCATALOG_COMPILER_APPICON_NAME = AppIcon;
				INFOPLIST_FILE = TwitterClone/Info.plist;
				LD_RUNPATH_SEARCH_PATHS = "$(inherited) @executable_path/Frameworks";
				PRODUCT_BUNDLE_IDENTIFIER = me.monus.TwitterClone;
				PRODUCT_NAME = "$(TARGET_NAME)";
				SWIFT_VERSION = 3.0;
			};
			name = Release;
		};
/* End XCBuildConfiguration section */

/* Begin XCConfigurationList section */
		D2B35FC41E5D0CA40050BDE8 /* Build configuration list for PBXProject "TwitterClone" */ = {
			isa = XCConfigurationList;
			buildConfigurations = (
				D2B35FD91E5D0CA40050BDE8 /* Debug */,
				D2B35FDA1E5D0CA40050BDE8 /* Release */,
			);
			defaultConfigurationIsVisible = 0;
			defaultConfigurationName = Release;
		};
		D2B35FDB1E5D0CA40050BDE8 /* Build configuration list for PBXNativeTarget "TwitterClone" */ = {
			isa = XCConfigurationList;
			buildConfigurations = (
				D2B35FDC1E5D0CA40050BDE8 /* Debug */,
				D2B35FDD1E5D0CA40050BDE8 /* Release */,
			);
			defaultConfigurationIsVisible = 0;
			defaultConfigurationName = Release;
		};
/* End XCConfigurationList section */
	};
	rootObject = D2B35FC11E5D0CA40050BDE8 /* Project object */;
}
